# This file is automatically @generated by Cargo.
# It is not intended for manual editing.
version = 4

[[package]]
name = "beat"
version = "0.1.0"

[[package]]
name = "bitflags"
version = "2.10.0"
source = "registry+https://github.com/rust-lang/crates.io-index"
checksum = "812e12b5285cc515a9c72a5c1d3b6d46a19dac5acfef5265968c166106e31dd3"

[[package]]
name = "common"
version = "0.1.0"
dependencies = [
 "beat",
 "cue",
 "event",
 "local",
 "mem",
 "protocol",
]

[[package]]
name = "cue"
version = "0.1.0"
dependencies = [
 "beat",
 "event",
 "mem",
]

[[package]]
name = "event"
version = "0.1.0"
dependencies = [
 "mem",
]

[[package]]
name = "local"
version = "0.1.0"
dependencies = [
 "beat",
 "bitflags",
 "cue",
 "event",
 "mem",
]

[[package]]
name = "mem"
version = "0.1.0"
dependencies = [
 "bitflags",
]

[[package]]
name = "protocol"
version = "0.1.0"
dependencies = [
 "beat",
 "bitflags",
 "cue",
 "event",
 "local",
 "mem",
]
